PODS:
  - OrbaOneSdk (0.0.3)

DEPENDENCIES:
  - OrbaOneSdk (from `~/Documents/Projects/orbaonesdk/orbaone-ios`)

EXTERNAL SOURCES:
  OrbaOneSdk:
    :path: "~/Documents/Projects/orbaonesdk/orbaone-ios"

SPEC CHECKSUMS:
  OrbaOneSdk: b9648783e239dccfc7874a85174a597aa690834e

PODFILE CHECKSUM: 75187dc0c99421230c9515090ad2cbbe740edd9e

COCOAPODS: 1.10.1
