PODS:
  - Alamofire (5.4.2)
  - OrbaOneSdk (0.0.2):
    - Alamofire (~> 5.4)

DEPENDENCIES:
  - OrbaOneSdk (from `~/Documents/Projects/orbaonesdk/orbaone-ios`)

SPEC REPOS:
  trunk:
    - Alamofire

EXTERNAL SOURCES:
  OrbaOneSdk:
    :path: "~/Documents/Projects/orbaonesdk/orbaone-ios"

SPEC CHECKSUMS:
  Alamofire: bfbc4c2fe5909b1d94fb4ef2277c6b3727ef5dae
  OrbaOneSdk: 60725079801235ab0d6a40ca891cf6da82ab7f10

PODFILE CHECKSUM: a364d72cfbf543fe589e40f8f26cd1912787464e

COCOAPODS: 1.10.1
