PODS:
  - Alamofire (5.4.2)
  - OrbaOneSdk (0.0.1):
    - Alamofire (~> 5.4)

DEPENDENCIES:
  - OrbaOneSdk (= 0.0.1)

SPEC REPOS:
  trunk:
    - Alamofire
    - OrbaOneSdk

SPEC CHECKSUMS:
  Alamofire: bfbc4c2fe5909b1d94fb4ef2277c6b3727ef5dae
  OrbaOneSdk: 64d4c0a3790632c9c89d9d72b8827c87fc1fb586

PODFILE CHECKSUM: aed1d1c34df3ada6f574da5f6b0d94ffd9581b8c

COCOAPODS: 1.10.1
